
Microsoft Visual Studio Solution File, Format Version 12.00
# Visual Studio Version 16
VisualStudioVersion = 16.0.32802.440
MinimumVisualStudioVersion = 10.0.40219.1
Project("{FAE04EC0-301F-11D3-BF4B-00C04F79EFBC}") = "WebSolutionApp", "WebSolutionApp\WebSolutionApp.csproj", "{61A0C274-59A9-4206-B795-9CB0445CA8E7}"
EndProject
Global
	GlobalSection(SolutionConfigurationPlatforms) = preSolution
		Debug|Any CPU = Debug|Any CPU
		Release|Any CPU = Release|Any CPU
	EndGlobalSection
	GlobalSection(ProjectConfigurationPlatforms) = postSolution
		{61A0C274-59A9-4206-B795-9CB0445CA8E7}.Debug|Any CPU.ActiveCfg = Debug|Any CPU
		{61A0C274-59A9-4206-B795-9CB0445CA8E7}.Debug|Any CPU.Build.0 = Debug|Any CPU
		{61A0C274-59A9-4206-B795-9CB0445CA8E7}.Release|Any CPU.ActiveCfg = Release|Any CPU
		{61A0C274-59A9-4206-B795-9CB0445CA8E7}.Release|Any CPU.Build.0 = Release|Any CPU
	EndGlobalSection
	GlobalSection(SolutionProperties) = preSolution
		HideSolutionNode = FALSE
	EndGlobalSection
	GlobalSection(ExtensibilityGlobals) = postSolution
		SolutionGuid = {4314B6F6-81C0-4F5F-A002-F5AE38990628}
	EndGlobalSection
EndGlobal
